{
  "name": "matlab-browser-demo",
  "version": "1.0.0",
  "lockfileVersion": 3,
  "requires": true,
  "packages": {
    "": {
      "name": "matlab-browser-demo",
      "version": "1.0.0",
      "dependencies": {
        "runmat": "0.6.2"
      }
    },
    "node_modules/runmat": {
      "version": "0.6.2",
      "resolved": "https://registry.npmjs.org/runmat/-/runmat-0.6.2.tgz",
      "integrity": "sha512-2RbYbxT2m8KDOc4dg+352fXLrywoSe4ZzTX+oG3fzobKr/4xfY9xXDnDKxQF9EPZtznpH8AX3ZKDLkzvAXSqaw==",
      "license": "Apache-2.0",
      "engines": {
        "node": ">=18"
      }
    }
  }
}
